// !$*UTF8*$!
{
	archiveVersion = 1;
	classes = {
	};
	objectVersion = 50;
	objects = {

/* Begin PBXBuildFile section */
		4935A44024AF6403001553FC /* iWereWolvesApp.swift in Sources */ = {isa = PBXBuildFile; fileRef = 4935A43F24AF6403001553FC /* iWereWolvesApp.swift */; };
		4935A44224AF6403001553FC /* ContentView.swift in Sources */ = {isa = PBXBuildFile; fileRef = 4935A44124AF6403001553FC /* ContentView.swift */; };
		4935A44424AF6404001553FC /* Assets.xcassets in Resources */ = {isa = PBXBuildFile; fileRef = 4935A44324AF6404001553FC /* Assets.xcassets */; };
		4935A44724AF6404001553FC /* Preview Assets.xcassets in Resources */ = {isa = PBXBuildFile; fileRef = 4935A44624AF6404001553FC /* Preview Assets.xcassets */; };
		4935A45224AF6405001553FC /* iWereWolvesTests.swift in Sources */ = {isa = PBXBuildFile; fileRef = 4935A45124AF6405001553FC /* iWereWolvesTests.swift */; };
		4935A45D24AF6405001553FC /* iWereWolvesUITests.swift in Sources */ = {isa = PBXBuildFile; fileRef = 4935A45C24AF6405001553FC /* iWereWolvesUITests.swift */; };
		4935A46B24AF64B4001553FC /* PlayerStorage.swift in Sources */ = {isa = PBXBuildFile; fileRef = 4935A46A24AF64B4001553FC /* PlayerStorage.swift */; };
		4935A46D24AF64C7001553FC /* Models.swift in Sources */ = {isa = PBXBuildFile; fileRef = 4935A46C24AF64C7001553FC /* Models.swift */; };
/* End PBXBuildFile section */

/* Begin PBXContainerItemProxy section */
		4935A44E24AF6405001553FC /* PBXContainerItemProxy */ = {
			isa = PBXContainerItemProxy;
			containerPortal = 4935A43424AF6403001553FC /* Project object */;
			proxyType = 1;
			remoteGlobalIDString = 4935A43B24AF6403001553FC;
			remoteInfo = iWereWolves;
		};
		4935A45924AF6405001553FC /* PBXContainerItemProxy */ = {
			isa = PBXContainerItemProxy;
			containerPortal = 4935A43424AF6403001553FC /* Project object */;
			proxyType = 1;
			remoteGlobalIDString = 4935A43B24AF6403001553FC;
			remoteInfo = iWereWolves;
		};
/* End PBXContainerItemProxy section */

/* Begin PBXFileReference section */
		4935A43C24AF6403001553FC /* iWereWolves.app */ = {isa = PBXFileReference; explicitFileType = wrapper.application; includeInIndex = 0; path = iWereWolves.app; sourceTree = BUILT_PRODUCTS_DIR; };
		4935A43F24AF6403001553FC /* iWereWolvesApp.swift */ = {isa = PBXFileReference; lastKnownFileType = sourcecode.swift; path = iWereWolvesApp.swift; sourceTree = "<group>"; };
		4935A44124AF6403001553FC /* ContentView.swift */ = {isa = PBXFileReference; lastKnownFileType = sourcecode.swift; path = ContentView.swift; sourceTree = "<group>"; };
		4935A44324AF6404001553FC /* Assets.xcassets */ = {isa = PBXFileReference; lastKnownFileType = folder.assetcatalog; path = Assets.xcassets; sourceTree = "<group>"; };
		4935A44624AF6404001553FC /* Preview Assets.xcassets */ = {isa = PBXFileReference; lastKnownFileType = folder.assetcatalog; path = "Preview Assets.xcassets"; sourceTree = "<group>"; };
		4935A44824AF6404001553FC /* Info.plist */ = {isa = PBXFileReference; lastKnownFileType = text.plist.xml; path = Info.plist; sourceTree = "<group>"; };
		4935A44D24AF6405001553FC /* iWereWolvesTests.xctest */ = {isa = PBXFileReference; explicitFileType = wrapper.cfbundle; includeInIndex = 0; path = iWereWolvesTests.xctest; sourceTree = BUILT_PRODUCTS_DIR; };
		4935A45124AF6405001553FC /* iWereWolvesTests.swift */ = {isa = PBXFileReference; lastKnownFileType = sourcecode.swift; path = iWereWolvesTests.swift; sourceTree = "<group>"; };
		4935A45324AF6405001553FC /* Info.plist */ = {isa = PBXFileReference; lastKnownFileType = text.plist.xml; path = Info.plist; sourceTree = "<group>"; };
		4935A45824AF6405001553FC /* iWereWolvesUITests.xctest */ = {isa = PBXFileReference; explicitFileType = wrapper.cfbundle; includeInIndex = 0; path = iWereWolvesUITests.xctest; sourceTree = BUILT_PRODUCTS_DIR; };
		4935A45C24AF6405001553FC /* iWereWolvesUITests.swift */ = {isa = PBXFileReference; lastKnownFileType = sourcecode.swift; path = iWereWolvesUITests.swift; sourceTree = "<group>"; };
		4935A45E24AF6405001553FC /* Info.plist */ = {isa = PBXFileReference; lastKnownFileType = text.plist.xml; path = Info.plist; sourceTree = "<group>"; };
		4935A46A24AF64B4001553FC /* PlayerStorage.swift */ = {isa = PBXFileReference; lastKnownFileType = sourcecode.swift; path = PlayerStorage.swift; sourceTree = "<group>"; };
		4935A46C24AF64C7001553FC /* Models.swift */ = {isa = PBXFileReference; lastKnownFileType = sourcecode.swift; path = Models.swift; sourceTree = "<group>"; };
/* End PBXFileReference section */

/* Begin PBXFrameworksBuildPhase section */
		4935A43924AF6403001553FC /* Frameworks */ = {
			isa = PBXFrameworksBuildPhase;
			buildActionMask = 2147483647;
			files = (
			);
			runOnlyForDeploymentPostprocessing = 0;
		};
		4935A44A24AF6405001553FC /* Frameworks */ = {
			isa = PBXFrameworksBuildPhase;
			buildActionMask = 2147483647;
			files = (
			);
			runOnlyForDeploymentPostprocessing = 0;
		};
		4935A45524AF6405001553FC /* Frameworks */ = {
			isa = PBXFrameworksBuildPhase;
			buildActionMask = 2147483647;
			files = (
			);
			runOnlyForDeploymentPostprocessing = 0;
		};
/* End PBXFrameworksBuildPhase section */

/* Begin PBXGroup section */
		4935A43324AF6403001553FC = {
			isa = PBXGroup;
			children = (
				4935A43E24AF6403001553FC /* iWereWolves */,
				4935A45024AF6405001553FC /* iWereWolvesTests */,
				4935A45B24AF6405001553FC /* iWereWolvesUITests */,
				4935A43D24AF6403001553FC /* Products */,
			);
			sourceTree = "<group>";
		};
		4935A43D24AF6403001553FC /* Products */ = {
			isa = PBXGroup;
			children = (
				4935A43C24AF6403001553FC /* iWereWolves.app */,
				4935A44D24AF6405001553FC /* iWereWolvesTests.xctest */,
				4935A45824AF6405001553FC /* iWereWolvesUITests.xctest */,
			);
			name = Products;
			sourceTree = "<group>";
		};
		4935A43E24AF6403001553FC /* iWereWolves */ = {
			isa = PBXGroup;
			children = (
				4935A43F24AF6403001553FC /* iWereWolvesApp.swift */,
				4935A44124AF6403001553FC /* ContentView.swift */,
				4935A44324AF6404001553FC /* Assets.xcassets */,
				4935A44824AF6404001553FC /* Info.plist */,
				4935A44524AF6404001553FC /* Preview Content */,
				4935A46A24AF64B4001553FC /* PlayerStorage.swift */,
				4935A46C24AF64C7001553FC /* Models.swift */,
			);
			path = iWereWolves;
			sourceTree = "<group>";
		};
		4935A44524AF6404001553FC /* Preview Content */ = {
			isa = PBXGroup;
			children = (
				4935A44624AF6404001553FC /* Preview Assets.xcassets */,
			);
			path = "Preview Content";
			sourceTree = "<group>";
		};
		4935A45024AF6405001553FC /* iWereWolvesTests */ = {
			isa = PBXGroup;
			children = (
				4935A45124AF6405001553FC /* iWereWolvesTests.swift */,
				4935A45324AF6405001553FC /* Info.plist */,
			);
			path = iWereWolvesTests;
			sourceTree = "<group>";
		};
		4935A45B24AF6405001553FC /* iWereWolvesUITests */ = {
			isa = PBXGroup;
			children = (
				4935A45C24AF6405001553FC /* iWereWolvesUITests.swift */,
				4935A45E24AF6405001553FC /* Info.plist */,
			);
			path = iWereWolvesUITests;
			sourceTree = "<group>";
		};
/* End PBXGroup section */

/* Begin PBXNativeTarget section */
		4935A43B24AF6403001553FC /* iWereWolves */ = {
			isa = PBXNativeTarget;
			buildConfigurationList = 4935A46124AF6405001553FC /* Build configuration list for PBXNativeTarget "iWereWolves" */;
			buildPhases = (
				4935A43824AF6403001553FC /* Sources */,
				4935A43924AF6403001553FC /* Frameworks */,
				4935A43A24AF6403001553FC /* Resources */,
			);
			buildRules = (
			);
			dependencies = (
			);
			name = iWereWolves;
			productName = iWereWolves;
			productReference = 4935A43C24AF6403001553FC /* iWereWolves.app */;
			productType = "com.apple.product-type.application";
		};
		4935A44C24AF6405001553FC /* iWereWolvesTests */ = {
			isa = PBXNativeTarget;
			buildConfigurationList = 4935A46424AF6405001553FC /* Build configuration list for PBXNativeTarget "iWereWolvesTests" */;
			buildPhases = (
				4935A44924AF6405001553FC /* Sources */,
				4935A44A24AF6405001553FC /* Frameworks */,
				4935A44B24AF6405001553FC /* Resources */,
			);
			buildRules = (
			);
			dependencies = (
				4935A44F24AF6405001553FC /* PBXTargetDependency */,
			);
			name = iWereWolvesTests;
			productName = iWereWolvesTests;
			productReference = 4935A44D24AF6405001553FC /* iWereWolvesTests.xctest */;
			productType = "com.apple.product-type.bundle.unit-test";
		};
		4935A45724AF6405001553FC /* iWereWolvesUITests */ = {
			isa = PBXNativeTarget;
			buildConfigurationList = 4935A46724AF6405001553FC /* Build configuration list for PBXNativeTarget "iWereWolvesUITests" */;
			buildPhases = (
				4935A45424AF6405001553FC /* Sources */,
				4935A45524AF6405001553FC /* Frameworks */,
				4935A45624AF6405001553FC /* Resources */,
			);
			buildRules = (
			);
			dependencies = (
				4935A45A24AF6405001553FC /* PBXTargetDependency */,
			);
			name = iWereWolvesUITests;
			productName = iWereWolvesUITests;
			productReference = 4935A45824AF6405001553FC /* iWereWolvesUITests.xctest */;
			productType = "com.apple.product-type.bundle.ui-testing";
		};
/* End PBXNativeTarget section */

/* Begin PBXProject section */
		4935A43424AF6403001553FC /* Project object */ = {
			isa = PBXProject;
			attributes = {
				LastSwiftUpdateCheck = 1200;
				LastUpgradeCheck = 1200;
				TargetAttributes = {
					4935A43B24AF6403001553FC = {
						CreatedOnToolsVersion = 12.0;
					};
					4935A44C24AF6405001553FC = {
						CreatedOnToolsVersion = 12.0;
						TestTargetID = 4935A43B24AF6403001553FC;
					};
					4935A45724AF6405001553FC = {
						CreatedOnToolsVersion = 12.0;
						TestTargetID = 4935A43B24AF6403001553FC;
					};
				};
			};
			buildConfigurationList = 4935A43724AF6403001553FC /* Build configuration list for PBXProject "iWereWolves" */;
			compatibilityVersion = "Xcode 9.3";
			developmentRegion = en;
			hasScannedForEncodings = 0;
			knownRegions = (
				en,
				Base,
			);
			mainGroup = 4935A43324AF6403001553FC;
			productRefGroup = 4935A43D24AF6403001553FC /* Products */;
			projectDirPath = "";
			projectRoot = "";
			targets = (
				4935A43B24AF6403001553FC /* iWereWolves */,
				4935A44C24AF6405001553FC /* iWereWolvesTests */,
				4935A45724AF6405001553FC /* iWereWolvesUITests */,
			);
		};
/* End PBXProject section */

/* Begin PBXResourcesBuildPhase section */
		4935A43A24AF6403001553FC /* Resources */ = {
			isa = PBXResourcesBuildPhase;
			buildActionMask = 2147483647;
			files = (
				4935A44724AF6404001553FC /* Preview Assets.xcassets in Resources */,
				4935A44424AF6404001553FC /* Assets.xcassets in Resources */,
			);
			runOnlyForDeploymentPostprocessing = 0;
		};
		4935A44B24AF6405001553FC /* Resources */ = {
			isa = PBXResourcesBuildPhase;
			buildActionMask = 2147483647;
			files = (
			);
			runOnlyForDeploymentPostprocessing = 0;
		};
		4935A45624AF6405001553FC /* Resources */ = {
			isa = PBXResourcesBuildPhase;
			buildActionMask = 2147483647;
			files = (
			);
			runOnlyForDeploymentPostprocessing = 0;
		};
/* End PBXResourcesBuildPhase section */

/* Begin PBXSourcesBuildPhase section */
		4935A43824AF6403001553FC /* Sources */ = {
			isa = PBXSourcesBuildPhase;
			buildActionMask = 2147483647;
			files = (
				4935A44224AF6403001553FC /* ContentView.swift in Sources */,
				4935A46B24AF64B4001553FC /* PlayerStorage.swift in Sources */,
				4935A44024AF6403001553FC /* iWereWolvesApp.swift in Sources */,
				4935A46D24AF64C7001553FC /* Models.swift in Sources */,
			);
			runOnlyForDeploymentPostprocessing = 0;
		};
		4935A44924AF6405001553FC /* Sources */ = {
			isa = PBXSourcesBuildPhase;
			buildActionMask = 2147483647;
			files = (
				4935A45224AF6405001553FC /* iWereWolvesTests.swift in Sources */,
			);
			runOnlyForDeploymentPostprocessing = 0;
		};
		4935A45424AF6405001553FC /* Sources */ = {
			isa = PBXSourcesBuildPhase;
			buildActionMask = 2147483647;
			files = (
				4935A45D24AF6405001553FC /* iWereWolvesUITests.swift in Sources */,
			);
			runOnlyForDeploymentPostprocessing = 0;
		};
/* End PBXSourcesBuildPhase section */

/* Begin PBXTargetDependency section */
		4935A44F24AF6405001553FC /* PBXTargetDependency */ = {
			isa = PBXTargetDependency;
			target = 4935A43B24AF6403001553FC /* iWereWolves */;
			targetProxy = 4935A44E24AF6405001553FC /* PBXContainerItemProxy */;
		};
		4935A45A24AF6405001553FC /* PBXTargetDependency */ = {
			isa = PBXTargetDependency;
			target = 4935A43B24AF6403001553FC /* iWereWolves */;
			targetProxy = 4935A45924AF6405001553FC /* PBXContainerItemProxy */;
		};
/* End PBXTargetDependency section */

/* Begin XCBuildConfiguration section */
		4935A45F24AF6405001553FC /* Debug */ = {
			isa = XCBuildConfiguration;
			buildSettings = {
				ALWAYS_SEARCH_USER_PATHS = NO;
				CLANG_ANALYZER_NONNULL = YES;
				CLANG_ANALYZER_NUMBER_OBJECT_CONVERSION = YES_AGGRESSIVE;
				CLANG_CXX_LANGUAGE_STANDARD = "gnu++14";
				CLANG_CXX_LIBRARY = "libc++";
				CLANG_ENABLE_MODULES = YES;
				CLANG_ENABLE_OBJC_ARC = YES;
				CLANG_ENABLE_OBJC_WEAK = YES;
				CLANG_WARN_BLOCK_CAPTURE_AUTORELEASING = YES;
				CLANG_WARN_BOOL_CONVERSION = YES;
				CLANG_WARN_COMMA = YES;
				CLANG_WARN_CONSTANT_CONVERSION = YES;
				CLANG_WARN_DEPRECATED_OBJC_IMPLEMENTATIONS = YES;
				CLANG_WARN_DIRECT_OBJC_ISA_USAGE = YES_ERROR;
				CLANG_WARN_DOCUMENTATION_COMMENTS = YES;
				CLANG_WARN_EMPTY_BODY = YES;
				CLANG_WARN_ENUM_CONVERSION = YES;
				CLANG_WARN_INFINITE_RECURSION = YES;
				CLANG_WARN_INT_CONVERSION = YES;
				CLANG_WARN_NON_LITERAL_NULL_CONVERSION = YES;
				CLANG_WARN_OBJC_IMPLICIT_RETAIN_SELF = YES;
				CLANG_WARN_OBJC_LITERAL_CONVERSION = YES;
				CLANG_WARN_OBJC_ROOT_CLASS = YES_ERROR;
				CLANG_WARN_QUOTED_INCLUDE_IN_FRAMEWORK_HEADER = YES;
				CLANG_WARN_RANGE_LOOP_ANALYSIS = YES;
				CLANG_WARN_STRICT_PROTOTYPES = YES;
				CLANG_WARN_SUSPICIOUS_MOVE = YES;
				CLANG_WARN_UNGUARDED_AVAILABILITY = YES_AGGRESSIVE;
				CLANG_WARN_UNREACHABLE_CODE = YES;
				CLANG_WARN__DUPLICATE_METHOD_MATCH = YES;
				COPY_PHASE_STRIP = NO;
				DEBUG_INFORMATION_FORMAT = dwarf;
				ENABLE_STRICT_OBJC_MSGSEND = YES;
				ENABLE_TESTABILITY = YES;
				GCC_C_LANGUAGE_STANDARD = gnu11;
				GCC_DYNAMIC_NO_PIC = NO;
				GCC_NO_COMMON_BLOCKS = YES;
				GCC_OPTIMIZATION_LEVEL = 0;
				GCC_PREPROCESSOR_DEFINITIONS = (
					"DEBUG=1",
					"$(inherited)",
				);
				GCC_WARN_64_TO_32_BIT_CONVERSION = YES;
				GCC_WARN_ABOUT_RETURN_TYPE = YES_ERROR;
				GCC_WARN_UNDECLARED_SELECTOR = YES;
				GCC_WARN_UNINITIALIZED_AUTOS = YES_AGGRESSIVE;
				GCC_WARN_UNUSED_FUNCTION = YES;
				GCC_WARN_UNUSED_VARIABLE = YES;
				IPHONEOS_DEPLOYMENT_TARGET = 14.0;
				MTL_ENABLE_DEBUG_INFO = INCLUDE_SOURCE;
				MTL_FAST_MATH = YES;
				ONLY_ACTIVE_ARCH = YES;
				SDKROOT = iphoneos;
				SWIFT_ACTIVE_COMPILATION_CONDITIONS = DEBUG;
				SWIFT_OPTIMIZATION_LEVEL = "-Onone";
			};
			name = Debug;
		};
		4935A46024AF6405001553FC /* Release */ = {
			isa = XCBuildConfiguration;
			buildSettings = {
				ALWAYS_SEARCH_USER_PATHS = NO;
				CLANG_ANALYZER_NONNULL = YES;
				CLANG_ANALYZER_NUMBER_OBJECT_CONVERSION = YES_AGGRESSIVE;
				CLANG_CXX_LANGUAGE_STANDARD = "gnu++14";
				CLANG_CXX_LIBRARY = "libc++";
				CLANG_ENABLE_MODULES = YES;
				CLANG_ENABLE_OBJC_ARC = YES;
				CLANG_ENABLE_OBJC_WEAK = YES;
				CLANG_WARN_BLOCK_CAPTURE_AUTORELEASING = YES;
				CLANG_WARN_BOOL_CONVERSION = YES;
				CLANG_WARN_COMMA = YES;
				CLANG_WARN_CONSTANT_CONVERSION = YES;
				CLANG_WARN_DEPRECATED_OBJC_IMPLEMENTATIONS = YES;
				CLANG_WARN_DIRECT_OBJC_ISA_USAGE = YES_ERROR;
				CLANG_WARN_DOCUMENTATION_COMMENTS = YES;
				CLANG_WARN_EMPTY_BODY = YES;
				CLANG_WARN_ENUM_CONVERSION = YES;
				CLANG_WARN_INFINITE_RECURSION = YES;
				CLANG_WARN_INT_CONVERSION = YES;
				CLANG_WARN_NON_LITERAL_NULL_CONVERSION = YES;
				CLANG_WARN_OBJC_IMPLICIT_RETAIN_SELF = YES;
				CLANG_WARN_OBJC_LITERAL_CONVERSION = YES;
				CLANG_WARN_OBJC_ROOT_CLASS = YES_ERROR;
				CLANG_WARN_QUOTED_INCLUDE_IN_FRAMEWORK_HEADER = YES;
				CLANG_WARN_RANGE_LOOP_ANALYSIS = YES;
				CLANG_WARN_STRICT_PROTOTYPES = YES;
				CLANG_WARN_SUSPICIOUS_MOVE = YES;
				CLANG_WARN_UNGUARDED_AVAILABILITY = YES_AGGRESSIVE;
				CLANG_WARN_UNREACHABLE_CODE = YES;
				CLANG_WARN__DUPLICATE_METHOD_MATCH = YES;
				COPY_PHASE_STRIP = NO;
				DEBUG_INFORMATION_FORMAT = "dwarf-with-dsym";
				ENABLE_NS_ASSERTIONS = NO;
				ENABLE_STRICT_OBJC_MSGSEND = YES;
				GCC_C_LANGUAGE_STANDARD = gnu11;
				GCC_NO_COMMON_BLOCKS = YES;
				GCC_WARN_64_TO_32_BIT_CONVERSION = YES;
				GCC_WARN_ABOUT_RETURN_TYPE = YES_ERROR;
				GCC_WARN_UNDECLARED_SELECTOR = YES;
				GCC_WARN_UNINITIALIZED_AUTOS = YES_AGGRESSIVE;
				GCC_WARN_UNUSED_FUNCTION = YES;
				GCC_WARN_UNUSED_VARIABLE = YES;
				IPHONEOS_DEPLOYMENT_TARGET = 14.0;
				MTL_ENABLE_DEBUG_INFO = NO;
				MTL_FAST_MATH = YES;
				SDKROOT = iphoneos;
				SWIFT_COMPILATION_MODE = wholemodule;
				SWIFT_OPTIMIZATION_LEVEL = "-O";
				VALIDATE_PRODUCT = YES;
			};
			name = Release;
		};
		4935A46224AF6405001553FC /* Debug */ = {
			isa = XCBuildConfiguration;
			buildSettings = {
				ASSETCATALOG_COMPILER_APPICON_NAME = AppIcon;
				ASSETCATALOG_COMPILER_GLOBAL_ACCENT_COLOR_NAME = AccentColor;
				CODE_SIGN_STYLE = Automatic;
				DEVELOPMENT_ASSET_PATHS = "\"iWereWolves/Preview Content\"";
				DEVELOPMENT_TEAM = 5P9D5WS2AY;
				ENABLE_PREVIEWS = YES;
				INFOPLIST_FILE = iWereWolves/Info.plist;
				IPHONEOS_DEPLOYMENT_TARGET = 14.0;
				LD_RUNPATH_SEARCH_PATHS = (
					"$(inherited)",
					"@executable_path/Frameworks",
				);
				PRODUCT_BUNDLE_IDENTIFIER = de.scholzf.iWereWolves;
				PRODUCT_NAME = "$(TARGET_NAME)";
				SWIFT_VERSION = 5.0;
				TARGETED_DEVICE_FAMILY = "1,2";
			};
			name = Debug;
		};
		4935A46324AF6405001553FC /* Release */ = {
			isa = XCBuildConfiguration;
			buildSettings = {
				ASSETCATALOG_COMPILER_APPICON_NAME = AppIcon;
				ASSETCATALOG_COMPILER_GLOBAL_ACCENT_COLOR_NAME = AccentColor;
				CODE_SIGN_STYLE = Automatic;
				DEVELOPMENT_ASSET_PATHS = "\"iWereWolves/Preview Content\"";
				DEVELOPMENT_TEAM = 5P9D5WS2AY;
				ENABLE_PREVIEWS = YES;
				INFOPLIST_FILE = iWereWolves/Info.plist;
				IPHONEOS_DEPLOYMENT_TARGET = 14.0;
				LD_RUNPATH_SEARCH_PATHS = (
					"$(inherited)",
					"@executable_path/Frameworks",
				);
				PRODUCT_BUNDLE_IDENTIFIER = de.scholzf.iWereWolves;
				PRODUCT_NAME = "$(TARGET_NAME)";
				SWIFT_VERSION = 5.0;
				TARGETED_DEVICE_FAMILY = "1,2";
			};
			name = Release;
		};
		4935A46524AF6405001553FC /* Debug */ = {
			isa = XCBuildConfiguration;
			buildSettings = {
				ALWAYS_EMBED_SWIFT_STANDARD_LIBRARIES = YES;
				BUNDLE_LOADER = "$(TEST_HOST)";
				CODE_SIGN_STYLE = Automatic;
				DEVELOPMENT_TEAM = 5P9D5WS2AY;
				INFOPLIST_FILE = iWereWolvesTests/Info.plist;
				IPHONEOS_DEPLOYMENT_TARGET = 14.0;
				LD_RUNPATH_SEARCH_PATHS = (
					"$(inherited)",
					"@executable_path/Frameworks",
					"@loader_path/Frameworks",
				);
				PRODUCT_BUNDLE_IDENTIFIER = de.scholzf.iWereWolvesTests;
				PRODUCT_NAME = "$(TARGET_NAME)";
				SWIFT_VERSION = 5.0;
				TARGETED_DEVICE_FAMILY = "1,2";
				TEST_HOST = "$(BUILT_PRODUCTS_DIR)/iWereWolves.app/iWereWolves";
			};
			name = Debug;
		};
		4935A46624AF6405001553FC /* Release */ = {
			isa = XCBuildConfiguration;
			buildSettings = {
				ALWAYS_EMBED_SWIFT_STANDARD_LIBRARIES = YES;
				BUNDLE_LOADER = "$(TEST_HOST)";
				CODE_SIGN_STYLE = Automatic;
				DEVELOPMENT_TEAM = 5P9D5WS2AY;
				INFOPLIST_FILE = iWereWolvesTests/Info.plist;
				IPHONEOS_DEPLOYMENT_TARGET = 14.0;
				LD_RUNPATH_SEARCH_PATHS = (
					"$(inherited)",
					"@executable_path/Frameworks",
					"@loader_path/Frameworks",
				);
				PRODUCT_BUNDLE_IDENTIFIER = de.scholzf.iWereWolvesTests;
				PRODUCT_NAME = "$(TARGET_NAME)";
				SWIFT_VERSION = 5.0;
				TARGETED_DEVICE_FAMILY = "1,2";
				TEST_HOST = "$(BUILT_PRODUCTS_DIR)/iWereWolves.app/iWereWolves";
			};
			name = Release;
		};
		4935A46824AF6405001553FC /* Debug */ = {
			isa = XCBuildConfiguration;
			buildSettings = {
				ALWAYS_EMBED_SWIFT_STANDARD_LIBRARIES = YES;
				CODE_SIGN_STYLE = Automatic;
				DEVELOPMENT_TEAM = 5P9D5WS2AY;
				INFOPLIST_FILE = iWereWolvesUITests/Info.plist;
				LD_RUNPATH_SEARCH_PATHS = (
					"$(inherited)",
					"@executable_path/Frameworks",
					"@loader_path/Frameworks",
				);
				PRODUCT_BUNDLE_IDENTIFIER = de.scholzf.iWereWolvesUITests;
				PRODUCT_NAME = "$(TARGET_NAME)";
				SWIFT_VERSION = 5.0;
				TARGETED_DEVICE_FAMILY = "1,2";
				TEST_TARGET_NAME = iWereWolves;
			};
			name = Debug;
		};
		4935A46924AF6405001553FC /* Release */ = {
			isa = XCBuildConfiguration;
			buildSettings = {
				ALWAYS_EMBED_SWIFT_STANDARD_LIBRARIES = YES;
				CODE_SIGN_STYLE = Automatic;
				DEVELOPMENT_TEAM = 5P9D5WS2AY;
				INFOPLIST_FILE = iWereWolvesUITests/Info.plist;
				LD_RUNPATH_SEARCH_PATHS = (
					"$(inherited)",
					"@executable_path/Frameworks",
					"@loader_path/Frameworks",
				);
				PRODUCT_BUNDLE_IDENTIFIER = de.scholzf.iWereWolvesUITests;
				PRODUCT_NAME = "$(TARGET_NAME)";
				SWIFT_VERSION = 5.0;
				TARGETED_DEVICE_FAMILY = "1,2";
				TEST_TARGET_NAME = iWereWolves;
			};
			name = Release;
		};
/* End XCBuildConfiguration section */

/* Begin XCConfigurationList section */
		4935A43724AF6403001553FC /* Build configuration list for PBXProject "iWereWolves" */ = {
			isa = XCConfigurationList;
			buildConfigurations = (
				4935A45F24AF6405001553FC /* Debug */,
				4935A46024AF6405001553FC /* Release */,
			);
			defaultConfigurationIsVisible = 0;
			defaultConfigurationName = Release;
		};
		4935A46124AF6405001553FC /* Build configuration list for PBXNativeTarget "iWereWolves" */ = {
			isa = XCConfigurationList;
			buildConfigurations = (
				4935A46224AF6405001553FC /* Debug */,
				4935A46324AF6405001553FC /* Release */,
			);
			defaultConfigurationIsVisible = 0;
			defaultConfigurationName = Release;
		};
		4935A46424AF6405001553FC /* Build configuration list for PBXNativeTarget "iWereWolvesTests" */ = {
			isa = XCConfigurationList;
			buildConfigurations = (
				4935A46524AF6405001553FC /* Debug */,
				4935A46624AF6405001553FC /* Release */,
			);
			defaultConfigurationIsVisible = 0;
			defaultConfigurationName = Release;
		};
		4935A46724AF6405001553FC /* Build configuration list for PBXNativeTarget "iWereWolvesUITests" */ = {
			isa = XCConfigurationList;
			buildConfigurations = (
				4935A46824AF6405001553FC /* Debug */,
				4935A46924AF6405001553FC /* Release */,
			);
			defaultConfigurationIsVisible = 0;
			defaultConfigurationName = Release;
		};
/* End XCConfigurationList section */
	};
	rootObject = 4935A43424AF6403001553FC /* Project object */;
}
